Microsoft Visual Studio Solution File, Format Version 11.00
# Visual Studio 2010
Project("{E097FAD1-6243-4DAD-9C02-E9B9EFC3FFC1}") = "Assembly-CSharp", "Assembly-CSharp.csproj", "{3F078602-95A5-663F-7DD0-703145C590AD}"
EndProject
Project("{E097FAD1-6243-4DAD-9C02-E9B9EFC3FFC1}") = "SteamVR", "SteamVR.csproj", "{C535DE58-09E9-9B75-AF25-D52122F92AFF}"
EndProject
Project("{E097FAD1-6243-4DAD-9C02-E9B9EFC3FFC1}") = "SteamVR_Actions", "SteamVR_Actions.csproj", "{9880FD7E-E2C0-7902-A96A-824B72D370DC}"
EndProject
Project("{E097FAD1-6243-4DAD-9C02-E9B9EFC3FFC1}") = "SteamVR_Editor", "SteamVR_Editor.csproj", "{B2BC9187-2465-A03F-6250-909EF265C2E4}"
EndProject
Project("{E097FAD1-6243-4DAD-9C02-E9B9EFC3FFC1}") = "SteamVR_Input_Editor", "SteamVR_Input_Editor.csproj", "{AFF91AA3-ED86-82C8-EC70-E65C1D26D646}"
EndProject
Project("{E097FAD1-6243-4DAD-9C02-E9B9EFC3FFC1}") = "SteamVR_Windows_EditorHelper", "SteamVR_Windows_EditorHelper.csproj", "{A77B737E-4048-3DA4-DDB8-B60502A438D6}"
EndProject
Project("{E097FAD1-6243-4DAD-9C02-E9B9EFC3FFC1}") = "Assembly-CSharp-Editor-firstpass", "Assembly-CSharp-Editor-firstpass.csproj", "{FB1F1D27-7E46-39AA-5CDB-0F9984A540DC}"
EndProject
Global
	GlobalSection(SolutionConfigurationPlatforms) = preSolution
		Debug|Any CPU = Debug|Any CPU
		Release|Any CPU = Release|Any CPU
	EndGlobalSection
	GlobalSection(ProjectConfigurationPlatforms) = postSolution
		{3F078602-95A5-663F-7DD0-703145C590AD}.Debug|Any CPU.ActiveCfg = Debug|Any CPU
		{3F078602-95A5-663F-7DD0-703145C590AD}.Debug|Any CPU.Build.0 = Debug|Any CPU
		{3F078602-95A5-663F-7DD0-703145C590AD}.Release|Any CPU.ActiveCfg = Release|Any CPU
		{3F078602-95A5-663F-7DD0-703145C590AD}.Release|Any CPU.Build.0 = Release|Any CPU
		{C535DE58-09E9-9B75-AF25-D52122F92AFF}.Debug|Any CPU.ActiveCfg = Debug|Any CPU
		{C535DE58-09E9-9B75-AF25-D52122F92AFF}.Debug|Any CPU.Build.0 = Debug|Any CPU
		{C535DE58-09E9-9B75-AF25-D52122F92AFF}.Release|Any CPU.ActiveCfg = Release|Any CPU
		{C535DE58-09E9-9B75-AF25-D52122F92AFF}.Release|Any CPU.Build.0 = Release|Any CPU
		{9880FD7E-E2C0-7902-A96A-824B72D370DC}.Debug|Any CPU.ActiveCfg = Debug|Any CPU
		{9880FD7E-E2C0-7902-A96A-824B72D370DC}.Debug|Any CPU.Build.0 = Debug|Any CPU
		{9880FD7E-E2C0-7902-A96A-824B72D370DC}.Release|Any CPU.ActiveCfg = Release|Any CPU
		{9880FD7E-E2C0-7902-A96A-824B72D370DC}.Release|Any CPU.Build.0 = Release|Any CPU
		{B2BC9187-2465-A03F-6250-909EF265C2E4}.Debug|Any CPU.ActiveCfg = Debug|Any CPU
		{B2BC9187-2465-A03F-6250-909EF265C2E4}.Debug|Any CPU.Build.0 = Debug|Any CPU
		{B2BC9187-2465-A03F-6250-909EF265C2E4}.Release|Any CPU.ActiveCfg = Release|Any CPU
		{B2BC9187-2465-A03F-6250-909EF265C2E4}.Release|Any CPU.Build.0 = Release|Any CPU
		{AFF91AA3-ED86-82C8-EC70-E65C1D26D646}.Debug|Any CPU.ActiveCfg = Debug|Any CPU
		{AFF91AA3-ED86-82C8-EC70-E65C1D26D646}.Debug|Any CPU.Build.0 = Debug|Any CPU
		{AFF91AA3-ED86-82C8-EC70-E65C1D26D646}.Release|Any CPU.ActiveCfg = Release|Any CPU
		{AFF91AA3-ED86-82C8-EC70-E65C1D26D646}.Release|Any CPU.Build.0 = Release|Any CPU
		{A77B737E-4048-3DA4-DDB8-B60502A438D6}.Debug|Any CPU.ActiveCfg = Debug|Any CPU
		{A77B737E-4048-3DA4-DDB8-B60502A438D6}.Debug|Any CPU.Build.0 = Debug|Any CPU
		{A77B737E-4048-3DA4-DDB8-B60502A438D6}.Release|Any CPU.ActiveCfg = Release|Any CPU
		{A77B737E-4048-3DA4-DDB8-B60502A438D6}.Release|Any CPU.Build.0 = Release|Any CPU
		{FB1F1D27-7E46-39AA-5CDB-0F9984A540DC}.Debug|Any CPU.ActiveCfg = Debug|Any CPU
		{FB1F1D27-7E46-39AA-5CDB-0F9984A540DC}.Debug|Any CPU.Build.0 = Debug|Any CPU
		{FB1F1D27-7E46-39AA-5CDB-0F9984A540DC}.Release|Any CPU.ActiveCfg = Release|Any CPU
		{FB1F1D27-7E46-39AA-5CDB-0F9984A540DC}.Release|Any CPU.Build.0 = Release|Any CPU
	EndGlobalSection
	GlobalSection(SolutionProperties) = preSolution
		HideSolutionNode = FALSE
	EndGlobalSection
	GlobalSection(MonoDevelopProperties) = preSolution
		StartupItem = Assembly-CSharp.csproj
	EndGlobalSection
EndGlobal
